
Microsoft Visual Studio Solution File, Format Version 12.00
# Visual Studio 15
VisualStudioVersion = 15.0.28307.168
MinimumVisualStudioVersion = 10.0.40219.1
Project("{FAE04EC0-301F-11D3-BF4B-00C04F79EFBC}") = "CodeTest.Program", "FibTest.Console\CodeTest.Program.csproj", "{62BB869D-DFA7-4D32-B91F-CEADC01CE19B}"
EndProject
Project("{FAE04EC0-301F-11D3-BF4B-00C04F79EFBC}") = "CodeTest.Logic", "FibTest.Logic\CodeTest.Logic.csproj", "{45B5CCF7-3A54-4917-B538-83F5C8254696}"
EndProject
Project("{FAE04EC0-301F-11D3-BF4B-00C04F79EFBC}") = "CodeTest.Contracts", "FibTest.Contracts\CodeTest.Contracts.csproj", "{2453ED85-DB86-49E9-894E-277987E90D67}"
EndProject
Global
	GlobalSection(SolutionConfigurationPlatforms) = preSolution
		Debug|Any CPU = Debug|Any CPU
		Release|Any CPU = Release|Any CPU
	EndGlobalSection
	GlobalSection(ProjectConfigurationPlatforms) = postSolution
		{62BB869D-DFA7-4D32-B91F-CEADC01CE19B}.Debug|Any CPU.ActiveCfg = Debug|Any CPU
		{62BB869D-DFA7-4D32-B91F-CEADC01CE19B}.Debug|Any CPU.Build.0 = Debug|Any CPU
		{62BB869D-DFA7-4D32-B91F-CEADC01CE19B}.Release|Any CPU.ActiveCfg = Release|Any CPU
		{62BB869D-DFA7-4D32-B91F-CEADC01CE19B}.Release|Any CPU.Build.0 = Release|Any CPU
		{45B5CCF7-3A54-4917-B538-83F5C8254696}.Debug|Any CPU.ActiveCfg = Debug|Any CPU
		{45B5CCF7-3A54-4917-B538-83F5C8254696}.Debug|Any CPU.Build.0 = Debug|Any CPU
		{45B5CCF7-3A54-4917-B538-83F5C8254696}.Release|Any CPU.ActiveCfg = Release|Any CPU
		{45B5CCF7-3A54-4917-B538-83F5C8254696}.Release|Any CPU.Build.0 = Release|Any CPU
		{2453ED85-DB86-49E9-894E-277987E90D67}.Debug|Any CPU.ActiveCfg = Debug|Any CPU
		{2453ED85-DB86-49E9-894E-277987E90D67}.Debug|Any CPU.Build.0 = Debug|Any CPU
		{2453ED85-DB86-49E9-894E-277987E90D67}.Release|Any CPU.ActiveCfg = Release|Any CPU
		{2453ED85-DB86-49E9-894E-277987E90D67}.Release|Any CPU.Build.0 = Release|Any CPU
	EndGlobalSection
	GlobalSection(SolutionProperties) = preSolution
		HideSolutionNode = FALSE
	EndGlobalSection
	GlobalSection(ExtensibilityGlobals) = postSolution
		SolutionGuid = {1663ADDF-3A48-4009-9F93-7EF08047F317}
	EndGlobalSection
	GlobalSection(TeamFoundationVersionControl) = preSolution
		SccNumberOfProjects = 4
		SccEnterpriseProvider = {4CA58AB2-18FA-4F8D-95D4-32DDF27D184C}
		SccTeamFoundationServer = http://tfs01.sor.local:8080/tfs/saveonresorts
		SccProjectUniqueName0 = FibTest.Console\\CodeTest.Program.csproj
		SccProjectName0 = FibTest.Console
		SccLocalPath0 = FibTest.Console
		SccProjectUniqueName1 = FibTest.Logic\\CodeTest.Logic.csproj
		SccProjectName1 = FibTest.Logic
		SccLocalPath1 = FibTest.Logic
		SccLocalPath2 = .
		SccProjectUniqueName3 = FibTest.Contracts\\CodeTest.Contracts.csproj
		SccProjectName3 = FibTest.Contracts
		SccLocalPath3 = FibTest.Contracts
	EndGlobalSection
EndGlobal
